
Microsoft Visual Studio Solution File, Format Version 12.00
# Visual Studio Version 16
VisualStudioVersion = 16.0.30804.86
MinimumVisualStudioVersion = 10.0.40219.1
Project("{FAE04EC0-301F-11D3-BF4B-00C04F79EFBC}") = "AnonymousTypesHW", "AnonymousTypesHW.csproj", "{865E17DC-5B98-4503-B442-2784F058E430}"
EndProject
Global
	GlobalSection(SolutionConfigurationPlatforms) = preSolution
		Debug|Any CPU = Debug|Any CPU
		Release|Any CPU = Release|Any CPU
	EndGlobalSection
	GlobalSection(ProjectConfigurationPlatforms) = postSolution
		{865E17DC-5B98-4503-B442-2784F058E430}.Debug|Any CPU.ActiveCfg = Debug|Any CPU
		{865E17DC-5B98-4503-B442-2784F058E430}.Debug|Any CPU.Build.0 = Debug|Any CPU
		{865E17DC-5B98-4503-B442-2784F058E430}.Release|Any CPU.ActiveCfg = Release|Any CPU
		{865E17DC-5B98-4503-B442-2784F058E430}.Release|Any CPU.Build.0 = Release|Any CPU
	EndGlobalSection
	GlobalSection(SolutionProperties) = preSolution
		HideSolutionNode = FALSE
	EndGlobalSection
	GlobalSection(ExtensibilityGlobals) = postSolution
		SolutionGuid = {748F3554-D28E-4AF5-84E6-101146113EC0}
	EndGlobalSection
EndGlobal
